<?xml version="1.0" encoding="utf-8"?>
<Project ToolsVersion="4.0" xmlns="http://schemas.microsoft.com/developer/msbuild/2003">
  <ItemGroup>
    <ClCompile Include="StdAfx.cpp">
      <Filter>Source Files</Filter>
    </ClCompile>
    <ClCompile Include="DllMain.cpp">
      <Filter>Source Files</Filter>
    </ClCompile>
    <ClCompile Include="Main.cpp">
      <Filter>Source Files</Filter>
    </ClCompile>
    <ClCompile Include="GLib.cpp">
      <Filter>Source Files</Filter>
    </ClCompile>
    <ClCompile Include="Hooks.cpp">
      <Filter>Source Files</Filter>
    </ClCompile>
    <ClCompile Include="Config.cpp">
      <Filter>Source Files</Filter>
    </ClCompile>
    <ClCompile Include="FpsCounter.cpp">
      <Filter>Source Files</Filter>
    </ClCompile>
    <ClCompile Include="Allocation.cpp">
      <Filter>Source Files</Filter>
    </ClCompile>
    <ClCompile Include="Window.cpp">
      <Filter>Source Files</Filter>
    </ClCompile>
    <ClCompile Include="OpenDraw.cpp">
      <Filter>Source Files\Draw\Open</Filter>
    </ClCompile>
    <ClCompile Include="OpenDrawClipper.cpp">
      <Filter>Source Files\Draw\Open</Filter>
    </ClCompile>
    <ClCompile Include="OpenDrawSurface.cpp">
      <Filter>Source Files\Draw\Open</Filter>
    </ClCompile>
    <ClCompile Include="IDrawClipper.cpp">
      <Filter>Source Files\Draw\Base</Filter>
    </ClCompile>
    <ClCompile Include="IDraw7.cpp">
      <Filter>Source Files\Draw\Base</Filter>
    </ClCompile>
    <ClCompile Include="IDrawSurface7.cpp">
      <Filter>Source Files\Draw\Base</Filter>
    </ClCompile>
    <ClCompile Include="DirectDraw.cpp">
      <Filter>Source Files\Draw\Direct</Filter>
    </ClCompile>
  </ItemGroup>
  <ItemGroup>
    <ClInclude Include="Resource.h">
      <Filter>Header Files</Filter>
    </ClInclude>
    <ClInclude Include="StdAfx.h">
      <Filter>Header Files</Filter>
    </ClInclude>
    <ClInclude Include="ExtraTypes.h">
      <Filter>Header Files</Filter>
    </ClInclude>
    <ClInclude Include="GLib.h">
      <Filter>Header Files</Filter>
    </ClInclude>
    <ClInclude Include="Main.h">
      <Filter>Header Files</Filter>
    </ClInclude>
    <ClInclude Include="Hooks.h">
      <Filter>Header Files</Filter>
    </ClInclude>
    <ClInclude Include="Config.h">
      <Filter>Header Files</Filter>
    </ClInclude>
    <ClInclude Include="FpsCounter.h">
      <Filter>Header Files</Filter>
    </ClInclude>
    <ClInclude Include="Allocation.h">
      <Filter>Header Files</Filter>
    </ClInclude>
    <ClInclude Include="Window.h">
      <Filter>Header Files</Filter>
    </ClInclude>
    <ClInclude Include="OpenDraw.h">
      <Filter>Header Files\Draw\Open</Filter>
    </ClInclude>
    <ClInclude Include="OpenDrawClipper.h">
      <Filter>Header Files\Draw\Open</Filter>
    </ClInclude>
    <ClInclude Include="OpenDrawSurface.h">
      <Filter>Header Files\Draw\Open</Filter>
    </ClInclude>
    <ClInclude Include="IDrawClipper.h">
      <Filter>Header Files\Draw\Base</Filter>
    </ClInclude>
    <ClInclude Include="IDraw7.h">
      <Filter>Header Files\Draw\Base</Filter>
    </ClInclude>
    <ClInclude Include="IDrawSurface7.h">
      <Filter>Header Files\Draw\Base</Filter>
    </ClInclude>
    <ClInclude Include="DirectDraw.h">
      <Filter>Header Files\Draw\Direct</Filter>
    </ClInclude>
  </ItemGroup>
  <ItemGroup>
    <Filter Include="Header Files">
      <UniqueIdentifier>{52949067-004a-4f89-954e-76cac391770d}</UniqueIdentifier>
    </Filter>
    <Filter Include="Source Files">
      <UniqueIdentifier>{9894f9f1-3b2e-44c1-b85b-f89a3c64f6a8}</UniqueIdentifier>
    </Filter>
    <Filter Include="Resource Files">
      <UniqueIdentifier>{b48440de-744c-470c-835a-b1527d1c4325}</UniqueIdentifier>
    </Filter>
    <Filter Include="Header Files\Draw">
      <UniqueIdentifier>{a4b3becc-6829-4ea7-89b8-efc8d876f5ff}</UniqueIdentifier>
    </Filter>
    <Filter Include="Source Files\Draw">
      <UniqueIdentifier>{d92ccba3-8ac6-40a0-8ff6-cc3e2eaa8d9f}</UniqueIdentifier>
    </Filter>
    <Filter Include="Header Files\Draw\Base">
      <UniqueIdentifier>{67f6672e-cdcc-4986-bc56-afc5a59df3cc}</UniqueIdentifier>
    </Filter>
    <Filter Include="Source Files\Draw\Base">
      <UniqueIdentifier>{91eb27d1-fb25-4df9-b677-81b0dc03c2d8}</UniqueIdentifier>
    </Filter>
    <Filter Include="Header Files\Draw\Direct">
      <UniqueIdentifier>{12d5590f-0460-4eda-9b3f-c7844f76013b}</UniqueIdentifier>
    </Filter>
    <Filter Include="Source Files\Draw\Direct">
      <UniqueIdentifier>{ec42e068-be0c-473a-99ce-a7c416c4ed22}</UniqueIdentifier>
    </Filter>
    <Filter Include="Header Files\Draw\Open">
      <UniqueIdentifier>{970cda90-8573-4659-9db6-8e714e4c2f31}</UniqueIdentifier>
    </Filter>
    <Filter Include="Source Files\Draw\Open">
      <UniqueIdentifier>{78672b15-32ef-4883-ae96-8fa97e7613aa}</UniqueIdentifier>
    </Filter>
  </ItemGroup>
  <ItemGroup>
    <None Include="module.def">
      <Filter>Resource Files</Filter>
    </None>
  </ItemGroup>
  <ItemGroup>
    <ResourceCompile Include="module.rc">
      <Filter>Resource Files</Filter>
    </ResourceCompile>
  </ItemGroup>
  <ItemGroup>
    <Manifest Include="module.manifest">
      <Filter>Resource Files</Filter>
    </Manifest>
  </ItemGroup>
</Project>